
Microsoft Visual Studio Solution File, Format Version 12.00
# Visual Studio Version 17
VisualStudioVersion = 17.13.35919.96
MinimumVisualStudioVersion = 10.0.40219.1
Project("{FAE04EC0-301F-11D3-BF4B-00C04F79EFBC}") = "QL_TRA_SUA", "QL_TRA_SUA\QL_TRA_SUA.csproj", "{A5E52FDA-FF29-467E-8462-38B1659D4532}"
EndProject
Project("{FAE04EC0-301F-11D3-BF4B-00C04F79EFBC}") = "Cua_Hang_Tra_Sua", "Cua_Hang_Tra_Sua\Cua_Hang_Tra_Sua.csproj", "{3EE0975D-FD15-42F4-9898-AACFD0AFA1DE}"
EndProject
Global
	GlobalSection(SolutionConfigurationPlatforms) = preSolution
		Debug|Any CPU = Debug|Any CPU
		Release|Any CPU = Release|Any CPU
	EndGlobalSection
	GlobalSection(ProjectConfigurationPlatforms) = postSolution
		{A5E52FDA-FF29-467E-8462-38B1659D4532}.Debug|Any CPU.ActiveCfg = Debug|Any CPU
		{A5E52FDA-FF29-467E-8462-38B1659D4532}.Debug|Any CPU.Build.0 = Debug|Any CPU
		{A5E52FDA-FF29-467E-8462-38B1659D4532}.Release|Any CPU.ActiveCfg = Release|Any CPU
		{A5E52FDA-FF29-467E-8462-38B1659D4532}.Release|Any CPU.Build.0 = Release|Any CPU
		{3EE0975D-FD15-42F4-9898-AACFD0AFA1DE}.Debug|Any CPU.ActiveCfg = Debug|Any CPU
		{3EE0975D-FD15-42F4-9898-AACFD0AFA1DE}.Debug|Any CPU.Build.0 = Debug|Any CPU
		{3EE0975D-FD15-42F4-9898-AACFD0AFA1DE}.Release|Any CPU.ActiveCfg = Release|Any CPU
		{3EE0975D-FD15-42F4-9898-AACFD0AFA1DE}.Release|Any CPU.Build.0 = Release|Any CPU
	EndGlobalSection
	GlobalSection(SolutionProperties) = preSolution
		HideSolutionNode = FALSE
	EndGlobalSection
	GlobalSection(ExtensibilityGlobals) = postSolution
		SolutionGuid = {A0D1CF6F-CE49-4032-9C11-9ABC9FAB0F4A}
	EndGlobalSection
EndGlobal
